version = 1
revision = 2
requires-python = ">=3.14"

[[package]]
name = "db-snooper"
version = "0.0.26"
source = { registry = "https://pypi.org/simple" }
dependencies = [
    { name = "duckdb-engine" },
    { name = "psycopg" },
    { name = "pymysql" },
    { name = "sqlalchemy" },
]
sdist = { url = "https://files.pythonhosted.org/packages/10/90/b56c9dd7ec312ffc1b0b28d01e33333cbe934ea1f4b2885ac16a8a77f246/db_snooper-0.0.26.tar.gz", hash = "sha256:4cf29e98bd7c9464b5e1bc76346d4c49c8f644e75803da737c2e665ed5501c96", size = 139571, upload-time = "2026-08-09T07:42:57.801Z" }
wheels = [
    { url = "https://files.pythonhosted.org/packages/81/24/877ef78859f3d0cad72a3bf6f6461f69dd2e75413d6f9b091358e4dd3e63/db_snooper-0.0.26-py3-none-any.whl", hash = "sha256:10471e0379b444e681e9374383bbe557f8f74bc18dabb9a4816487ec81363c96", size = 46674, upload-time = "2026-08-09T07:42:56.451Z" },
]

[[package]]
name = "duckdb"
version = "1.5.5"
source = { registry = "https://pypi.org/simple" }
sdist = { url = "https://files.pythonhosted.org/packages/7d/19/e57151753576373c6696a12022648546cca6038e8833fda2908ee2342d9b/duckdb-1.5.5.tar.gz", hash = "sha256:72f33ee57ca7595b23957671a2cc7f7fe2be0ecc2d68f63abedcfcaa3a5c1238", size = 18066741, upload-time = "2026-07-22T10:55:17.819Z" }
wheels = [
    { url = "https://files.pythonhosted.org/packages/3e/56/12c65bfa2d2605b81981b264788891bcf11ec72227889554cead5d8d13b9/duckdb-1.5.5-cp314-cp314-macosx_10_15_universal2.whl", hash = "sha256:8e6413dd40facb7b8ab21bd844450cd8f549b29e138635be9cf090ef4d2049e2", size = 32761946, upload-time = "2026-07-22T10:54:53.412Z" },
    { url = "https://files.pythonhosted.org/packages/b9/46/682ce155f17e0d2822d4f13ee3db9ca4b5b7c2da61b841b2629035e1f4bc/duckdb-1.5.5-cp314-cp314-macosx_10_15_x86_64.whl", hash = "sha256:64078acfd16541132ac6e191eb81b2845554444a0305cc1aa581ba107e514aa8", size = 17375069, upload-time = "2026-07-22T10:54:57.269Z" },
    { url = "https://files.pythonhosted.org/packages/39/ce/a24bcbd3289c8f305a430759c5fc12242740b4af3e17f7593f3a34e333d2/duckdb-1.5.5-cp314-cp314-macosx_11_0_arm64.whl", hash = "sha256:8c11775cc99a447618d5f1840126db17f2652f3eae05529df4f81f40e2df7151", size = 15519791, upload-time = "2026-07-22T10:55:00.681Z" },
    { url = "https://files.pythonhosted.org/packages/d9/76/3a01afbc615c1d418c0de58a6b68ac5ce2a8563232c0464bfbc2ce552398/duckdb-1.5.5-cp314-cp314-manylinux_2_26_aarch64.manylinux_2_28_aarch64.whl", hash = "sha256:77bbc1e6ba12e1e06f9020117bdf848627ecfdf36f907550e62e008e6109dece", size = 19398251, upload-time = "2026-07-22T10:55:04.168Z" },
    { url = "https://files.pythonhosted.org/packages/a1/43/3a5e81d1728f4d234c79bfe385808ee7c04834f7c37a4b5c257459c25614/duckdb-1.5.5-cp314-cp314-manylinux_2_26_x86_64.manylinux_2_28_x86_64.whl", hash = "sha256:fbf0f2d48b43c6c304d00463b463c27ead6c4b01c3c1816b750f728decf71afe", size = 21513851, upload-time = "2026-07-22T10:55:07.864Z" },
    { url = "https://files.pythonhosted.org/packages/91/41/fc7c829172c60ca22485251eab285f4f1a0d87b486a024c726f21471d86e/duckdb-1.5.5-cp314-cp314-win_amd64.whl", hash = "sha256:9dc826c4b50e64f6c4e4d07a3a9cb075ef70ba3899dc43ec5493dc3d7b04b353", size = 13691858, upload-time = "2026-07-22T10:55:11.181Z" },
    { url = "https://files.pythonhosted.org/packages/e1/2c/95d9216b79e9273689d7ebce125a54503ed0c9bd7da931f0265888e99779/duckdb-1.5.5-cp314-cp314-win_arm64.whl", hash = "sha256:63e48d4b74b15aeacd688976432a7225163df8c226eddeb8536bba2d4d4ff433", size = 14470180, upload-time = "2026-07-22T10:55:14.445Z" },
]

[[package]]
name = "duckdb-engine"
version = "0.17.0"
source = { registry = "https://pypi.org/simple" }
dependencies = [
    { name = "duckdb" },
    { name = "packaging" },
    { name = "sqlalchemy" },
]
sdist = { url = "https://files.pythonhosted.org/packages/89/d5/c0d8d0a4ca3ffea92266f33d92a375e2794820ad89f9be97cf0c9a9697d0/duckdb_engine-0.17.0.tar.gz", hash = "sha256:396b23869754e536aa80881a92622b8b488015cf711c5a40032d05d2cf08f3cf", size = 48054, upload-time = "2025-03-29T09:49:17.663Z" }
wheels = [
    { url = "https://files.pythonhosted.org/packages/2a/a2/e90242f53f7ae41554419b1695b4820b364df87c8350aa420b60b20cab92/duckdb_engine-0.17.0-py3-none-any.whl", hash = "sha256:3aa72085e536b43faab635f487baf77ddc5750069c16a2f8d9c6c3cb6083e979", size = 49676, upload-time = "2025-03-29T09:49:15.564Z" },
]

[[package]]
name = "greenlet"
version = "3.5.4"
source = { registry = "https://pypi.org/simple" }
sdist = { url = "https://files.pythonhosted.org/packages/a3/74/b13368064b09053253555d3f2839cc2684d22d5aed0d2ccffbf7a6736558/greenlet-3.5.4.tar.gz", hash = "sha256:0232ae1de90a8e07867bb127d7a6ba2301e859145489f25cda8a6096dabe1d20", size = 206538, upload-time = "2026-07-22T12:47:14.468Z" }
wheels = [
    { url = "https://files.pythonhosted.org/packages/a5/a7/6ab1d4f9cd548d15ab90da29947f2076100130bb179b0bde59f795a459e3/greenlet-3.5.4-cp314-cp314-macosx_11_0_universal2.whl", hash = "sha256:7e8afa5eac028f8140ceafe5ceec66e6aa127ddcb21452d2a564dcd2900b5f22", size = 295410, upload-time = "2026-07-22T11:40:35.747Z" },
    { url = "https://files.pythonhosted.org/packages/cd/7a/422f63b4715cbc0b24385305407adf38b48f6bb68b3e6b04090e994d0f5a/greenlet-3.5.4-cp314-cp314-manylinux_2_24_aarch64.manylinux_2_28_aarch64.whl", hash = "sha256:73b37afe369021423ea53dd3123e04bffa7e93ac64429b9f50835b2e4fcae7cf", size = 661286, upload-time = "2026-07-22T12:26:43.8Z" },
    { url = "https://files.pythonhosted.org/packages/d0/31/5a1cac663bf5582190c5a714ef81364f03cde232227f39748f8ae4c11da5/greenlet-3.5.4-cp314-cp314-manylinux_2_24_ppc64le.manylinux_2_28_ppc64le.whl", hash = "sha256:3ef964f56dfcb6f9bbef2a190d9126795eac408716aeae47b5e7c73c32aafca9", size = 673517, upload-time = "2026-07-22T12:29:04.815Z" },
    { url = "https://files.pythonhosted.org/packages/9c/bf/250c2921c7b585dde12f5239e313ca2dcbc464d161ecca36e4e6ef21762d/greenlet-3.5.4-cp314-cp314-manylinux_2_24_s390x.manylinux_2_28_s390x.whl", hash = "sha256:cef589bc65fae02d10bca2ac341191c5b33acc2967892ebf4fcbd10eabb7a74c", size = 677968, upload-time = "2026-07-22T12:43:46.788Z" },
    { url = "https://files.pythonhosted.org/packages/15/4a/2a82a1e3f8aaca020853ac8d12211280ca2b231aa08ea39f636f1060c319/greenlet-3.5.4-cp314-cp314-manylinux_2_24_x86_64.manylinux_2_28_x86_64.whl", hash = "sha256:9c53ff01a5c53a40f2c16820ebc56d7c61a77f5fbe009dadd96292d5682f80f8", size = 670917, upload-time = "2026-07-22T11:51:13.589Z" },
    { url = "https://files.pythonhosted.org/packages/18/40/10bfcf6513558d82f7b95dd728001c63bd388259fe27d3e30ae01f103430/greenlet-3.5.4-cp314-cp314-manylinux_2_39_riscv64.whl", hash = "sha256:dfc41ae893d9ceaf22c824f2153a88b30651b20e8758c2cd9ac143f23640563c", size = 480643, upload-time = "2026-07-22T12:39:54.149Z" },
    { url = "https://files.pythonhosted.org/packages/68/b0/e379a152b17bfdfa95795af4049e37c0fd1b4d81f020d426db104ed07c77/greenlet-3.5.4-cp314-cp314-musllinux_1_2_aarch64.whl", hash = "sha256:ecca4d80d55a01ad6b23b33262662956149fbb7b2c6be2910f1705921958cbf3", size = 1628478, upload-time = "2026-07-22T12:25:06.678Z" },
    { url = "https://files.pythonhosted.org/packages/5e/43/bffdfa64f7317f954c5c1230b5dd5922676ce198689a68c1ac1ed4b1b1a5/greenlet-3.5.4-cp314-cp314-musllinux_1_2_x86_64.whl", hash = "sha256:2ffbc533e0eaf8e80d8471411646ab88fe58f641d508c0b02b24494479f4d9ec", size = 1692021, upload-time = "2026-07-22T11:51:17.008Z" },
    { url = "https://files.pythonhosted.org/packages/d0/11/f799f9637e2c6e9b0b716015e339040598b058cf7654dfc0d67468b177ed/greenlet-3.5.4-cp314-cp314-win_amd64.whl", hash = "sha256:305f69e6c4523d7f6979ed001cff4e5853c063e5da04880296603aa0227e544c", size = 248031, upload-time = "2026-07-22T11:40:11.007Z" },
    { url = "https://files.pythonhosted.org/packages/05/75/625bcdd74d5e6b2dca1ecba3c3ac77bcf8a026c21a649a46cef23e421f97/greenlet-3.5.4-cp314-cp314-win_arm64.whl", hash = "sha256:f260930bbbbcf9caee661211235a5111c86dfe5832fdf6ae4570da1e0995320f", size = 246892, upload-time = "2026-07-22T11:40:27.357Z" },
    { url = "https://files.pythonhosted.org/packages/ec/69/35c62ed49c320cb4d98e14698ccca5467d3bfe683984172be9cb564d9ce3/greenlet-3.5.4-cp314-cp314t-macosx_11_0_universal2.whl", hash = "sha256:41ddab54e4b238f4a6c323f39b4e59e176affd5a94d461a9fb7583dac74240a3", size = 305571, upload-time = "2026-07-22T11:40:31.659Z" },
    { url = "https://files.pythonhosted.org/packages/5b/6c/64d60216b3640dcb0b62d913dd9e0d80030c09115bb2e4ba70c95d10ca45/greenlet-3.5.4-cp314-cp314t-manylinux_2_24_aarch64.manylinux_2_28_aarch64.whl", hash = "sha256:b3dabe3e2809013052c68bdf0b7fa5f5f2859c43a80803131ad61af9cabd7867", size = 672568, upload-time = "2026-07-22T12:26:45.298Z" },
    { url = "https://files.pythonhosted.org/packages/5c/de/ba3ab0a96292e53039530333b0d2ae18d9e508f3a325cd7bf15f8172944c/greenlet-3.5.4-cp314-cp314t-manylinux_2_24_ppc64le.manylinux_2_28_ppc64le.whl", hash = "sha256:27d3f00718634d4520a3a150154ac5da36f257869d41321953375b90bfbbc72c", size = 680076, upload-time = "2026-07-22T12:29:06.125Z" },
    { url = "https://files.pythonhosted.org/packages/ae/db/24a10af12bf8e639cec46c38b9ce1a282543ba42ff4fb0b31a970f1ab603/greenlet-3.5.4-cp314-cp314t-manylinux_2_24_s390x.manylinux_2_28_s390x.whl", hash = "sha256:39169a11d87a6a263afda3e9a27d1df16d0f919d40a4837cc73986c9884c0dd8", size = 681690, upload-time = "2026-07-22T12:43:48.109Z" },
    { url = "https://files.pythonhosted.org/packages/a5/be/aeada79083c6f1c15f45d77a332f9c441af263ee298e3eb17522cd337d22/greenlet-3.5.4-cp314-cp314t-manylinux_2_24_x86_64.manylinux_2_28_x86_64.whl", hash = "sha256:cbd60b5763c6543c1827e48faaf14ea9bfbad245f52b1a4d76a2a2d8884c6c66", size = 676733, upload-time = "2026-07-22T11:51:16.027Z" },
    { url = "https://files.pythonhosted.org/packages/f4/60/44a2eca7b9fd71ae0fae7ff184da1cd3169d176652b97aa1cffcbb0ef961/greenlet-3.5.4-cp314-cp314t-manylinux_2_39_riscv64.whl", hash = "sha256:bd3d1145f603b2db19feb9078c2e6855eb7c67e15580c010ed815cee519b86fd", size = 510263, upload-time = "2026-07-22T12:39:55.678Z" },
    { url = "https://files.pythonhosted.org/packages/e9/10/2392fc3a98948652ef5fd1e7275c04f861dd13f74b78a2b4309f4ee4d090/greenlet-3.5.4-cp314-cp314t-musllinux_1_2_aarch64.whl", hash = "sha256:f00f910f0e7b35416c63b23ad78b769aeccfc1775f712b43c4ee525624a2eef7", size = 1637327, upload-time = "2026-07-22T12:25:07.879Z" },
    { url = "https://files.pythonhosted.org/packages/55/c6/e7237a3dfa1f205ed0d9ea1e46d70bd2811b32d516266399fb59d28ab90a/greenlet-3.5.4-cp314-cp314t-musllinux_1_2_x86_64.whl", hash = "sha256:91c26423753b92caf41ab3f98fd547d7374d4d9fc2d85be041886c1579d9255e", size = 1697493, upload-time = "2026-07-22T11:51:19.214Z" },
    { url = "https://files.pythonhosted.org/packages/55/e3/4ba8154ba2a3d43729e499f72471b4b5c993f3826d3e24da81d5f06d6572/greenlet-3.5.4-cp314-cp314t-win_amd64.whl", hash = "sha256:ee032b91fd8ec29ec6c4cea2b8c561b178435134bd0752c7334b94e9c736c132", size = 251637, upload-time = "2026-07-22T11:40:37.44Z" },
    { url = "https://files.pythonhosted.org/packages/90/03/e3f96dfc100261a29545ddc8270cafe58f9195b6651466910e820910de77/greenlet-3.5.4-cp315-cp315-macosx_11_0_universal2.whl", hash = "sha256:178111881dd7a6c946471fda85485ec796e1043c2b939f694b096e2ecf986809", size = 296076, upload-time = "2026-07-22T11:39:38.364Z" },
    { url = "https://files.pythonhosted.org/packages/a4/3d/da52d208e5c977bce8667e784729e584e38b5785f4c1ec0f4c836e9a1c42/greenlet-3.5.4-cp315-cp315-manylinux_2_24_aarch64.manylinux_2_28_aarch64.whl", hash = "sha256:d92df08dd65fede97fc37aad36c2e9dcda3b31c467f8e0c2c096456cb818e927", size = 666870, upload-time = "2026-07-22T12:26:46.691Z" },
    { url = "https://files.pythonhosted.org/packages/2d/8a/7e6dee25cb8a8cf9b362c8e597cc269593378bd916f16c736c059a52e85a/greenlet-3.5.4-cp315-cp315-manylinux_2_24_ppc64le.manylinux_2_28_ppc64le.whl", hash = "sha256:99e8f8c4ebc4fd80aa26c1280ae9ad43a0976e786349703a181cf0bae60413e5", size = 677678, upload-time = "2026-07-22T12:29:07.508Z" },
    { url = "https://files.pythonhosted.org/packages/51/a7/dafc7415d430b0a43a16396eb49ecb3b62fd720877fb259cc4dcfaf5f31e/greenlet-3.5.4-cp315-cp315-manylinux_2_24_s390x.manylinux_2_28_s390x.whl", hash = "sha256:1f17e362d78e37559e0506c5a7d066bdd45073c36a0127a543e8a0df27242ff3", size = 681428, upload-time = "2026-07-22T12:43:49.623Z" },
    { url = "https://files.pythonhosted.org/packages/6c/21/5a38699fa45de749e3857d93b8f07e4c20489e77c2d35d915a2e1c456606/greenlet-3.5.4-cp315-cp315-manylinux_2_24_x86_64.manylinux_2_28_x86_64.whl", hash = "sha256:394de08dad5ffcb1f50c2159d93e398d9d2da3ed437645eaa54771fa720db9f0", size = 676067, upload-time = "2026-07-22T11:51:18.163Z" },
    { url = "https://files.pythonhosted.org/packages/2e/d9/6298f3432de301d4718766cf934bd73c418c73f81fbb77247319364b0d96/greenlet-3.5.4-cp315-cp315-manylinux_2_39_riscv64.whl", hash = "sha256:cd320d998cbaa032932830448e39abf3c6a12901295e386e8114db926e10cffb", size = 487446, upload-time = "2026-07-22T12:39:57.044Z" },
    { url = "https://files.pythonhosted.org/packages/5e/ba/863116ab8ff1ca7a729e327800268939d182db47aa433db70e216e7d9194/greenlet-3.5.4-cp315-cp315-musllinux_1_2_aarch64.whl", hash = "sha256:c883d61f2282d72c767a14936641b3efcbde9d82f1080712aaea0b1d3126cb88", size = 1633489, upload-time = "2026-07-22T12:25:09.605Z" },
    { url = "https://files.pythonhosted.org/packages/fa/06/7466ced82818d6132462d7f26b3f83c66ea15d2b193a6c0088d558ed7d95/greenlet-3.5.4-cp315-cp315-musllinux_1_2_x86_64.whl", hash = "sha256:2a924f15d17957e252a810acefcb5942f5ca712298e8b6fcaed9a307d357522c", size = 1696584, upload-time = "2026-07-22T11:51:21.304Z" },
    { url = "https://files.pythonhosted.org/packages/f9/4d/55b638489260065de9ffce606c8b5d04507bef705de4b212a0c3d6a1a0df/greenlet-3.5.4-cp315-cp315-win_amd64.whl", hash = "sha256:ed17e5f3420360d5b459de8462efb52060399a5326a613d4cde31cef63ef95da", size = 248297, upload-time = "2026-07-22T11:42:04.055Z" },
    { url = "https://files.pythonhosted.org/packages/bb/08/9dd4ae635da93d41dc268bc34bd62a9d711ed8b8825c5d22ac910c7d6e6d/greenlet-3.5.4-cp315-cp315-win_arm64.whl", hash = "sha256:f908898d6fa484ce4b6f447ce70ea99b52c503fee419e53cf74d60a16bc9e667", size = 247423, upload-time = "2026-07-22T11:44:00.764Z" },
    { url = "https://files.pythonhosted.org/packages/19/66/7c87ed9cdbf1d49c2c6cd1c7b9dd4d16c33b24235ca03972293a1876b30c/greenlet-3.5.4-cp315-cp315t-macosx_11_0_universal2.whl", hash = "sha256:1833637f17d5e7472548a48575c394fe39f1b1890d676d162d86593610f44d8c", size = 306487, upload-time = "2026-07-22T11:41:25.118Z" },
    { url = "https://files.pythonhosted.org/packages/5b/05/0a4201e7c0054866eefc05da234f236dd4c950d0fbf9ca0517141f01b269/greenlet-3.5.4-cp315-cp315t-manylinux_2_24_aarch64.manylinux_2_28_aarch64.whl", hash = "sha256:12cda9122e03341f1cb6b8207a19d7a9d375e52f1b4e9243918375f40fd7b4b9", size = 676479, upload-time = "2026-07-22T12:26:48.129Z" },
    { url = "https://files.pythonhosted.org/packages/3d/c0/4b6b8c5a3aec70f0649cd89662d120fdd6421e2bdc8e3b15c3ab5ec568d8/greenlet-3.5.4-cp315-cp315t-manylinux_2_24_ppc64le.manylinux_2_28_ppc64le.whl", hash = "sha256:d83ae0e32d14957ab7170785a20f582635c8474deab1bfbb552b17e769a6ce25", size = 684321, upload-time = "2026-07-22T12:29:08.925Z" },
    { url = "https://files.pythonhosted.org/packages/88/15/0b167aeea95285b0e654ddce651922f666c089363c2ec528ca8b9a9ba74f/greenlet-3.5.4-cp315-cp315t-manylinux_2_24_s390x.manylinux_2_28_s390x.whl", hash = "sha256:123aa379c962ed5fe90a880327e0c3066124ac64ec99e12a238be9fd8eb3db3d", size = 685995, upload-time = "2026-07-22T12:43:50.993Z" },
    { url = "https://files.pythonhosted.org/packages/24/c9/b49c31c9a972eee91e260445770e922244a7efc542697f51a012ec046d0f/greenlet-3.5.4-cp315-cp315t-manylinux_2_24_x86_64.manylinux_2_28_x86_64.whl", hash = "sha256:9f1467de1bb767f75db0aa34c195e3a496d8d1278c796e70c24ce205d3e99cde", size = 681293, upload-time = "2026-07-22T11:51:20.43Z" },
    { url = "https://files.pythonhosted.org/packages/de/90/c023ec337f32ff505be7db759c80d98f0532bb94d0c6fa13645efe9bee2e/greenlet-3.5.4-cp315-cp315t-manylinux_2_39_riscv64.whl", hash = "sha256:adf2244d7f69409925a8f22ed22cc5f93cdfe5c9dc87ff3476be2c2aaae61a05", size = 516928, upload-time = "2026-07-22T12:39:58.359Z" },
    { url = "https://files.pythonhosted.org/packages/95/6f/7f2d4653770500eee667866016d42d7a68e3d3462f80df6b8e3fcd48a0eb/greenlet-3.5.4-cp315-cp315t-musllinux_1_2_aarch64.whl", hash = "sha256:0fa53040b78b578120eecdc0265e3f1051487cc425d11a2b7c761daadf4feaa8", size = 1642474, upload-time = "2026-07-22T12:25:10.819Z" },
    { url = "https://files.pythonhosted.org/packages/5a/d8/8cba31036a4caae448087ba5d150660ab03b4a0f54d9150f6495a3be7262/greenlet-3.5.4-cp315-cp315t-musllinux_1_2_x86_64.whl", hash = "sha256:60e0bc961d367df506660e9ac0177a76bc6d81305300704b0977d1634f76efe2", size = 1701012, upload-time = "2026-07-22T11:51:23.17Z" },
    { url = "https://files.pythonhosted.org/packages/e3/cd/3f77a4cce3bae631b08eb52f53a82a976669600337e21dfdba811cb50267/greenlet-3.5.4-cp315-cp315t-win_amd64.whl", hash = "sha256:f680e549edb3eaf21eea4e7fe101e15ec180c74b7879ab46adc080f22d4015d2", size = 251977, upload-time = "2026-07-22T11:41:38.125Z" },
    { url = "https://files.pythonhosted.org/packages/93/e8/65e8707d00fe2a49bf12f609a9b2b39ba6dd23c2810eacad877c4fc94bfe/greenlet-3.5.4-cp315-cp315t-win_arm64.whl", hash = "sha256:08fc36de8442d5c3e95b044550dbea9bf144d31ec0cc58e36fb241cb6ef6a994", size = 250538, upload-time = "2026-07-22T11:40:17.985Z" },
]

[[package]]
name = "markdown-it-py"
version = "4.2.0"
source = { registry = "https://pypi.org/simple" }
dependencies = [
    { name = "mdurl" },
]
sdist = { url = "https://files.pythonhosted.org/packages/06/ff/7841249c247aa650a76b9ee4bbaeae59370dc8bfd2f6c01f3630c35eb134/markdown_it_py-4.2.0.tar.gz", hash = "sha256:04a21681d6fbb623de53f6f364d352309d4094dd4194040a10fd51833e418d49", size = 82454, upload-time = "2026-05-07T12:08:28.36Z" }
wheels = [
    { url = "https://files.pythonhosted.org/packages/b3/81/4da04ced5a082363ecfa159c010d200ecbd959ae410c10c0264a38cac0f5/markdown_it_py-4.2.0-py3-none-any.whl", hash = "sha256:9f7ebbcd14fe59494226453aed97c1070d83f8d24b6fc3a3bcf9a38092641c4a", size = 91687, upload-time = "2026-05-07T12:08:27.182Z" },
]

[[package]]
name = "mdurl"
version = "0.1.2"
source = { registry = "https://pypi.org/simple" }
sdist = { url = "https://files.pythonhosted.org/packages/d6/54/cfe61301667036ec958cb99bd3efefba235e65cdeb9c84d24a8293ba1d90/mdurl-0.1.2.tar.gz", hash = "sha256:bb413d29f5eea38f31dd4754dd7377d4465116fb207585f97bf925588687c1ba", size = 8729, upload-time = "2022-08-14T12:40:10.846Z" }
wheels = [
    { url = "https://files.pythonhosted.org/packages/b3/38/89ba8ad64ae25be8de66a6d463314cf1eb366222074cfda9ee839c56a4b4/mdurl-0.1.2-py3-none-any.whl", hash = "sha256:84008a41e51615a49fc9966191ff91509e3c40b939176e643fd50a5c2196b8f8", size = 9979, upload-time = "2022-08-14T12:40:09.779Z" },
]

[[package]]
name = "packaging"
version = "26.3"
source = { registry = "https://pypi.org/simple" }
sdist = { url = "https://files.pythonhosted.org/packages/7d/fa/3944b40b07da9ce895c0e6303a5ab7d53da063554f534556b134a54d6093/packaging-26.3.tar.gz", hash = "sha256:94edc256424af38762eb31306eed28beb9f0efc50a8837492c9d6fd6004aed79", size = 313412, upload-time = "2026-08-04T18:15:28.737Z" }
wheels = [
    { url = "https://files.pythonhosted.org/packages/63/34/ba1c580383c9eada3711951fef0795c80b829a078d72188184bcab9dd527/packaging-26.3-py3-none-any.whl", hash = "sha256:d7193f7c8e4e93f444fde0262bf90af30e16fa0ad0ad44cb553c87339b23cd1c", size = 129956, upload-time = "2026-08-04T18:15:27.159Z" },
]

[[package]]
name = "profiling-test"
version = "0.1.0"
source = { virtual = "." }
dependencies = [
    { name = "db-snooper" },
    { name = "rich" },
]

[package.metadata]
requires-dist = [
    { name = "db-snooper", specifier = ">=0.0.26" },
    { name = "rich", specifier = ">=15.0.0" },
]

[[package]]
name = "psycopg"
version = "3.3.4"
source = { registry = "https://pypi.org/simple" }
dependencies = [
    { name = "tzdata", marker = "sys_platform == 'win32'" },
]
sdist = { url = "https://files.pythonhosted.org/packages/db/2f/cb91e5502ec9de1de6f1b76cfbf69531932725361168bb06963620c77e2e/psycopg-3.3.4.tar.gz", hash = "sha256:e21207764952cff81b6b8bdacad9a3939f2793367fdac2987b3aac36a651b5bc", size = 165799, upload-time = "2026-05-01T23:31:55.179Z" }
wheels = [
    { url = "https://files.pythonhosted.org/packages/5c/e0/7b3dee031daae7743609ce3c746565d4a3ed7c2c186479eb48e34e838c64/psycopg-3.3.4-py3-none-any.whl", hash = "sha256:b6bbc25ccf05c8fad3b061d9db2ef0909a555171b84b07f29458a447253d679a", size = 213001, upload-time = "2026-05-01T23:20:50.816Z" },
]

[[package]]
name = "pygments"
version = "2.20.0"
source = { registry = "https://pypi.org/simple" }
sdist = { url = "https://files.pythonhosted.org/packages/c3/b2/bc9c9196916376152d655522fdcebac55e66de6603a76a02bca1b6414f6c/pygments-2.20.0.tar.gz", hash = "sha256:6757cd03768053ff99f3039c1a36d6c0aa0b263438fcab17520b30a303a82b5f", size = 4955991, upload-time = "2026-03-29T13:29:33.898Z" }
wheels = [
    { url = "https://files.pythonhosted.org/packages/f4/7e/a72dd26f3b0f4f2bf1dd8923c85f7ceb43172af56d63c7383eb62b332364/pygments-2.20.0-py3-none-any.whl", hash = "sha256:81a9e26dd42fd28a23a2d169d86d7ac03b46e2f8b59ed4698fb4785f946d0176", size = 1231151, upload-time = "2026-03-29T13:29:30.038Z" },
]

[[package]]
name = "pymysql"
version = "1.2.0"
source = { registry = "https://pypi.org/simple" }
sdist = { url = "https://files.pythonhosted.org/packages/c9/bc/1c6a92f385940f727daeecf3bacaf186e03875dff57197801046c583bcf0/pymysql-1.2.0.tar.gz", hash = "sha256:6c7b17ca686988104d7426c27895b455cdeea3e9d3ceb1270f0c3704fead8c33", size = 49021, upload-time = "2026-05-19T08:26:22.302Z" }
wheels = [
    { url = "https://files.pythonhosted.org/packages/c4/bd/2534e130295c8cfd4f0a2e31623baab7502278f1e97bcfe61db75656a77f/pymysql-1.2.0-py3-none-any.whl", hash = "sha256:62169ce6d5510f08e140c5e7990ee884a9764024e4a9a27b2cc11f1099322ae0", size = 45716, upload-time = "2026-05-19T08:26:20.974Z" },
]

[[package]]
name = "rich"
version = "15.0.0"
source = { registry = "https://pypi.org/simple" }
dependencies = [
    { name = "markdown-it-py" },
    { name = "pygments" },
]
sdist = { url = "https://files.pythonhosted.org/packages/c0/8f/0722ca900cc807c13a6a0c696dacf35430f72e0ec571c4275d2371fca3e9/rich-15.0.0.tar.gz", hash = "sha256:edd07a4824c6b40189fb7ac9bc4c52536e9780fbbfbddf6f1e2502c31b068c36", size = 230680, upload-time = "2026-04-12T08:24:00.75Z" }
wheels = [
    { url = "https://files.pythonhosted.org/packages/82/3b/64d4899d73f91ba49a8c18a8ff3f0ea8f1c1d75481760df8c68ef5235bf5/rich-15.0.0-py3-none-any.whl", hash = "sha256:33bd4ef74232fb73fe9279a257718407f169c09b78a87ad3d296f548e27de0bb", size = 310654, upload-time = "2026-04-12T08:24:02.83Z" },
]

[[package]]
name = "sqlalchemy"
version = "2.0.51"
source = { registry = "https://pypi.org/simple" }
dependencies = [
    { name = "greenlet", marker = "platform_machine == 'AMD64' or platform_machine == 'WIN32' or platform_machine == 'aarch64' or platform_machine == 'amd64' or platform_machine == 'ppc64le' or platform_machine == 'win32' or platform_machine == 'x86_64'" },
    { name = "typing-extensions" },
]
sdist = { url = "https://files.pythonhosted.org/packages/02/f1/a7a892f18d4d224e6b26f706531eafccc41e37594d37d304786969ee13cb/sqlalchemy-2.0.51.tar.gz", hash = "sha256:804dccd8a4a6242c4e30ad961e540e18a588f6527202f2d6791b01845d59fdc9", size = 9912201, upload-time = "2026-06-15T15:41:20.012Z" }
wheels = [
    { url = "https://files.pythonhosted.org/packages/b1/49/a739be2e1d02a96a658eb71ab45d921c874249252358ad24a5bffdd02525/sqlalchemy-2.0.51-cp314-cp314-macosx_11_0_arm64.whl", hash = "sha256:6ea306caaae6bd5afd0a46050003c88f6bf33227377a49298c498c3cb88ff491", size = 2158999, upload-time = "2026-06-15T16:08:51.759Z" },
    { url = "https://files.pythonhosted.org/packages/23/6b/2e0e38cf75c8780eca78d9b2e78164f8bcfd70125e5caa588ff5cbb9c9f4/sqlalchemy-2.0.51-cp314-cp314-manylinux2014_aarch64.manylinux_2_17_aarch64.manylinux_2_28_aarch64.whl", hash = "sha256:c45a496d6bc05dec41dcd4c3a2b183723f47473255c159cd80b503c8f246424d", size = 3282539, upload-time = "2026-06-15T16:19:51.065Z" },
    { url = "https://files.pythonhosted.org/packages/dd/a1/e77854cb5336fd37dc3c6ae3b71de242c98caac5725120be0b526b31cbd0/sqlalchemy-2.0.51-cp314-cp314-manylinux2014_x86_64.manylinux_2_17_x86_64.manylinux_2_28_x86_64.whl", hash = "sha256:4004ada0aafe8ae1991b2cd1d99c6d9146126e123bd6f883c260d974aa012e54", size = 3287545, upload-time = "2026-06-15T16:26:44.735Z" },
    { url = "https://files.pythonhosted.org/packages/f6/ab/9e17272fd4dac8df3b83c4fbe52b998a1c9d89a843c8c35ff29b74ff7364/sqlalchemy-2.0.51-cp314-cp314-musllinux_1_2_aarch64.whl", hash = "sha256:0f6bcad487aee1c638d707235682fc96f741de00663619881ab235400d03289e", size = 3230929, upload-time = "2026-06-15T16:19:52.625Z" },
    { url = "https://files.pythonhosted.org/packages/02/3c/52f408ea701781caee975606beccc48845f2aee8711ac29843d612c0306c/sqlalchemy-2.0.51-cp314-cp314-musllinux_1_2_x86_64.whl", hash = "sha256:39a76529db6305693d8d4affa58ad5b5e2e18edd62daea628b29b97930b3513d", size = 3252888, upload-time = "2026-06-15T16:26:46.454Z" },
    { url = "https://files.pythonhosted.org/packages/24/16/3efd2ee6bc4ca4693a30a1dd17a91b606cae15d517d2a4746611d9b73ce8/sqlalchemy-2.0.51-cp314-cp314-win32.whl", hash = "sha256:08a204d8b5638717c26a24df18fcf40af45a6b22e35b70b1d62f0113c2e278e8", size = 2120551, upload-time = "2026-06-15T16:23:15.629Z" },
    { url = "https://files.pythonhosted.org/packages/7b/78/55b12e70f45bccc40d9e483925c065027b3b98ea4cbbdf6f8c2546feaf6c/sqlalchemy-2.0.51-cp314-cp314-win_amd64.whl", hash = "sha256:96747bfbadb055466e5b46d572618170046b45ce5a4879167f50d70a5319a499", size = 2146318, upload-time = "2026-06-15T16:23:17.108Z" },
    { url = "https://files.pythonhosted.org/packages/21/db/a9574ed40fed418924b1b1a3e54f47ee3963053b3d3d325a0d36b41f2c08/sqlalchemy-2.0.51-cp314-cp314t-macosx_11_0_arm64.whl", hash = "sha256:e5ea1a213be1fcd5e49d9904c3b9939211ded90bc2a64e93f4c01963474285de", size = 2178920, upload-time = "2026-06-15T15:59:56.285Z" },
    { url = "https://files.pythonhosted.org/packages/bf/90/a1bb5c7cbba76b7bc1fbd586d0a5479a7bc9c27b4a8298f22ec9423b2bb3/sqlalchemy-2.0.51-cp314-cp314t-manylinux2014_aarch64.manylinux_2_17_aarch64.manylinux_2_28_aarch64.whl", hash = "sha256:7c6b36ed71f41942bdcd2ad2522be46bfce09d5705be5640ecf19bbc7660e4b7", size = 3566534, upload-time = "2026-06-15T15:58:35.024Z" },
    { url = "https://files.pythonhosted.org/packages/15/4b/481f1fed30e0e9e8dd24aecbb49f29eb57fe7657ece5cf06ee9b84bb97d8/sqlalchemy-2.0.51-cp314-cp314t-manylinux2014_x86_64.manylinux_2_17_x86_64.manylinux_2_28_x86_64.whl", hash = "sha256:0c2c62877097e1a0db401fba5cb4debee33265e5b2a55c4ccb489c02c53b4f72", size = 3535844, upload-time = "2026-06-15T16:02:43.973Z" },
    { url = "https://files.pythonhosted.org/packages/02/71/0aa64aeda645510af0a43f7d9ee70932f0d1dc4263aed34c50ee891d9df3/sqlalchemy-2.0.51-cp314-cp314t-musllinux_1_2_aarch64.whl", hash = "sha256:0378d055e9e8cd6ce4d8dff683bdd3d7d413533c4ee51d67a2b1e0f9eacc0f23", size = 3475355, upload-time = "2026-06-15T15:58:36.592Z" },
    { url = "https://files.pythonhosted.org/packages/05/db/6061db32316446135a3abae5f308d144ab988a34234726042da3e58b1c63/sqlalchemy-2.0.51-cp314-cp314t-musllinux_1_2_x86_64.whl", hash = "sha256:6e46fc36029eff666391e0531e5387b62ce6c4f1d8e50b3fb3099eaca1b42522", size = 3486591, upload-time = "2026-06-15T16:02:45.346Z" },
    { url = "https://files.pythonhosted.org/packages/0d/c9/f14fdf71bb8957e0c7e39db69bbdf12b5c80f4ef775fdfa127bf4e0d6760/sqlalchemy-2.0.51-cp314-cp314t-win32.whl", hash = "sha256:9161cfc9efce70d1715f47d6ff40f79c6778c00d53be4fbc09d70301e4b83ba7", size = 2151313, upload-time = "2026-06-15T16:03:39.127Z" },
    { url = "https://files.pythonhosted.org/packages/6a/c6/673e618e6f4f297e126d9b56ea2f6478708f6c1af4e3223835c22e2c3697/sqlalchemy-2.0.51-cp314-cp314t-win_amd64.whl", hash = "sha256:159bb6ba32059f57ad7375a8f50d844dd2f19d14954ecf820cd33e20debd46b2", size = 2186280, upload-time = "2026-06-15T16:03:40.569Z" },
    { url = "https://files.pythonhosted.org/packages/e2/22/dbf013a12ec759e54a34a119e9e217435b3f71b2dd5c61a7ade0a25dae87/sqlalchemy-2.0.51-py3-none-any.whl", hash = "sha256:bb024d8b621d0be75f4f44ecc7c950450026e76d66dc8f791bb5331d7fed59d5", size = 1944334, upload-time = "2026-06-15T16:09:22.418Z" },
]

[[package]]
name = "typing-extensions"
version = "4.16.0"
source = { registry = "https://pypi.org/simple" }
sdist = { url = "https://files.pythonhosted.org/packages/f6/cc/6253133b5bb138fc3306cebfbda2c520f545d36b5be2c7255cc528bb45d6/typing_extensions-4.16.0.tar.gz", hash = "sha256:dc983d19a509c94dba722ee6abd33940f7c05a89e243c47e907eb4db6f1a43e5", size = 113555, upload-time = "2026-07-02T08:40:05.92Z" }
wheels = [
    { url = "https://files.pythonhosted.org/packages/49/d3/b8441a820a491ddfc024b0b0cf0393375b75ea13866d9c66727e54c2fc80/typing_extensions-4.16.0-py3-none-any.whl", hash = "sha256:481caa481374e813c1b176ada14e97f1f67a4539ce9cfeb3f350d78d6370c2e8", size = 45571, upload-time = "2026-07-02T08:40:04.659Z" },
]

[[package]]
name = "tzdata"
version = "2026.3"
source = { registry = "https://pypi.org/simple" }
sdist = { url = "https://files.pythonhosted.org/packages/92/ff/5a28bdfd8c3ebec42564ac7d0e54ca3db65044a9314a97f9564fa7a1e926/tzdata-2026.3.tar.gz", hash = "sha256:4a1518b8993086a7982523e071643f3c0e5f213e75b21318e78bcabfff9d1415", size = 198674, upload-time = "2026-07-10T08:50:37.887Z" }
wheels = [
    { url = "https://files.pythonhosted.org/packages/e5/6d/b53b99a9f2766d095985947a5782f1702cabb129a34f7a802d7197af832f/tzdata-2026.3-py2.py3-none-any.whl", hash = "sha256:dc096730c87af6cab1b171c9d532be840741ff5d459015e7f6947bd7d7e54931", size = 348168, upload-time = "2026-07-10T08:50:36.46Z" },
]
